// !$*UTF8*$!
{
	archiveVersion = 1;
	classes = {
	};
	objectVersion = 48;
	objects = {

/* Begin PBXBuildFile section */
		B07615851F8D55B000EECD35 /* AppDelegate.swift in Sources */ = {isa = PBXBuildFile; fileRef = B07615841F8D55B000EECD35 /* AppDelegate.swift */; };
		B07615871F8D55B000EECD35 /* ViewController.swift in Sources */ = {isa = PBXBuildFile; fileRef = B07615861F8D55B000EECD35 /* ViewController.swift */; };
		B076158A1F8D55B000EECD35 /* Main.storyboard in Resources */ = {isa = PBXBuildFile; fileRef = B07615881F8D55B000EECD35 /* Main.storyboard */; };
		B076158C1F8D55B000EECD35 /* Assets.xcassets in Resources */ = {isa = PBXBuildFile; fileRef = B076158B1F8D55B000EECD35 /* Assets.xcassets */; };
		B076158F1F8D55B000EECD35 /* LaunchScreen.storyboard in Resources */ = {isa = PBXBuildFile; fileRef = B076158D1F8D55B000EECD35 /* LaunchScreen.storyboard */; };
		B07615981F8D595D00EECD35 /* CardButton.swift in Sources */ = {isa = PBXBuildFile; fileRef = B07615971F8D595D00EECD35 /* CardButton.swift */; };
		B076159B1F8D64E600EECD35 /* GameViewController.swift in Sources */ = {isa = PBXBuildFile; fileRef = B076159A1F8D64E600EECD35 /* GameViewController.swift */; };
/* End PBXBuildFile section */

/* Begin PBXFileReference section */
		B07615811F8D55B000EECD35 /* LiuChangCE04.app */ = {isa = PBXFileReference; explicitFileType = wrapper.application; includeInIndex = 0; path = LiuChangCE04.app; sourceTree = BUILT_PRODUCTS_DIR; };
		B07615841F8D55B000EECD35 /* AppDelegate.swift */ = {isa = PBXFileReference; lastKnownFileType = sourcecode.swift; path = AppDelegate.swift; sourceTree = "<group>"; };
		B07615861F8D55B000EECD35 /* ViewController.swift */ = {isa = PBXFileReference; lastKnownFileType = sourcecode.swift; path = ViewController.swift; sourceTree = "<group>"; };
		B07615891F8D55B000EECD35 /* Base */ = {isa = PBXFileReference; lastKnownFileType = file.storyboard; name = Base; path = Base.lproj/Main.storyboard; sourceTree = "<group>"; };
		B076158B1F8D55B000EECD35 /* Assets.xcassets */ = {isa = PBXFileReference; lastKnownFileType = folder.assetcatalog; path = Assets.xcassets; sourceTree = "<group>"; };
		B076158E1F8D55B000EECD35 /* Base */ = {isa = PBXFileReference; lastKnownFileType = file.storyboard; name = Base; path = Base.lproj/LaunchScreen.storyboard; sourceTree = "<group>"; };
		B07615901F8D55B000EECD35 /* Info.plist */ = {isa = PBXFileReference; lastKnownFileType = text.plist.xml; path = Info.plist; sourceTree = "<group>"; };
		B07615971F8D595D00EECD35 /* CardButton.swift */ = {isa = PBXFileReference; lastKnownFileType = sourcecode.swift; path = CardButton.swift; sourceTree = "<group>"; };
		B076159A1F8D64E600EECD35 /* GameViewController.swift */ = {isa = PBXFileReference; lastKnownFileType = sourcecode.swift; path = GameViewController.swift; sourceTree = "<group>"; };
/* End PBXFileReference section */

/* Begin PBXFrameworksBuildPhase section */
		B076157E1F8D55B000EECD35 /* Frameworks */ = {
			isa = PBXFrameworksBuildPhase;
			buildActionMask = 2147483647;
			files = (
			);
			runOnlyForDeploymentPostprocessing = 0;
		};
/* End PBXFrameworksBuildPhase section */

/* Begin PBXGroup section */
		B07615781F8D55B000EECD35 = {
			isa = PBXGroup;
			children = (
				B07615831F8D55B000EECD35 /* LiuChangCE04 */,
				B07615821F8D55B000EECD35 /* Products */,
			);
			sourceTree = "<group>";
		};
		B07615821F8D55B000EECD35 /* Products */ = {
			isa = PBXGroup;
			children = (
				B07615811F8D55B000EECD35 /* LiuChangCE04.app */,
			);
			name = Products;
			sourceTree = "<group>";
		};
		B07615831F8D55B000EECD35 /* LiuChangCE04 */ = {
			isa = PBXGroup;
			children = (
				B07615991F8D64CB00EECD35 /* Controller */,
				B07615961F8D593A00EECD35 /* View */,
				B07615841F8D55B000EECD35 /* AppDelegate.swift */,
				B07615881F8D55B000EECD35 /* Main.storyboard */,
				B076158B1F8D55B000EECD35 /* Assets.xcassets */,
				B076158D1F8D55B000EECD35 /* LaunchScreen.storyboard */,
				B07615901F8D55B000EECD35 /* Info.plist */,
			);
			path = LiuChangCE04;
			sourceTree = "<group>";
		};
		B07615961F8D593A00EECD35 /* View */ = {
			isa = PBXGroup;
			children = (
				B07615971F8D595D00EECD35 /* CardButton.swift */,
			);
			path = View;
			sourceTree = "<group>";
		};
		B07615991F8D64CB00EECD35 /* Controller */ = {
			isa = PBXGroup;
			children = (
				B07615861F8D55B000EECD35 /* ViewController.swift */,
				B076159A1F8D64E600EECD35 /* GameViewController.swift */,
			);
			path = Controller;
			sourceTree = "<group>";
		};
/* End PBXGroup section */

/* Begin PBXNativeTarget section */
		B07615801F8D55B000EECD35 /* LiuChangCE04 */ = {
			isa = PBXNativeTarget;
			buildConfigurationList = B07615931F8D55B000EECD35 /* Build configuration list for PBXNativeTarget "LiuChangCE04" */;
			buildPhases = (
				B076157D1F8D55B000EECD35 /* Sources */,
				B076157E1F8D55B000EECD35 /* Frameworks */,
				B076157F1F8D55B000EECD35 /* Resources */,
			);
			buildRules = (
			);
			dependencies = (
			);
			name = LiuChangCE04;
			productName = LiuChangCE04;
			productReference = B07615811F8D55B000EECD35 /* LiuChangCE04.app */;
			productType = "com.apple.product-type.application";
		};
/* End PBXNativeTarget section */

/* Begin PBXProject section */
		B07615791F8D55B000EECD35 /* Project object */ = {
			isa = PBXProject;
			attributes = {
				LastSwiftUpdateCheck = 0900;
				LastUpgradeCheck = 0900;
				ORGANIZATIONNAME = FSU;
				TargetAttributes = {
					B07615801F8D55B000EECD35 = {
						CreatedOnToolsVersion = 9.0;
						ProvisioningStyle = Automatic;
					};
				};
			};
			buildConfigurationList = B076157C1F8D55B000EECD35 /* Build configuration list for PBXProject "LiuChangCE04" */;
			compatibilityVersion = "Xcode 8.0";
			developmentRegion = en;
			hasScannedForEncodings = 0;
			knownRegions = (
				en,
				Base,
			);
			mainGroup = B07615781F8D55B000EECD35;
			productRefGroup = B07615821F8D55B000EECD35 /* Products */;
			projectDirPath = "";
			projectRoot = "";
			targets = (
				B07615801F8D55B000EECD35 /* LiuChangCE04 */,
			);
		};
/* End PBXProject section */

/* Begin PBXResourcesBuildPhase section */
		B076157F1F8D55B000EECD35 /* Resources */ = {
			isa = PBXResourcesBuildPhase;
			buildActionMask = 2147483647;
			files = (
				B076158F1F8D55B000EECD35 /* LaunchScreen.storyboard in Resources */,
				B076158C1F8D55B000EECD35 /* Assets.xcassets in Resources */,
				B076158A1F8D55B000EECD35 /* Main.storyboard in Resources */,
			);
			runOnlyForDeploymentPostprocessing = 0;
		};
/* End PBXResourcesBuildPhase section */

/* Begin PBXSourcesBuildPhase section */
		B076157D1F8D55B000EECD35 /* Sources */ = {
			isa = PBXSourcesBuildPhase;
			buildActionMask = 2147483647;
			files = (
				B076159B1F8D64E600EECD35 /* GameViewController.swift in Sources */,
				B07615871F8D55B000EECD35 /* ViewController.swift in Sources */,
				B07615981F8D595D00EECD35 /* CardButton.swift in Sources */,
				B07615851F8D55B000EECD35 /* AppDelegate.swift in Sources */,
			);
			runOnlyForDeploymentPostprocessing = 0;
		};
/* End PBXSourcesBuildPhase section */

/* Begin PBXVariantGroup section */
		B07615881F8D55B000EECD35 /* Main.storyboard */ = {
			isa = PBXVariantGroup;
			children = (
				B07615891F8D55B000EECD35 /* Base */,
			);
			name = Main.storyboard;
			sourceTree = "<group>";
		};
		B076158D1F8D55B000EECD35 /* LaunchScreen.storyboard */ = {
			isa = PBXVariantGroup;
			children = (
				B076158E1F8D55B000EECD35 /* Base */,
			);
			name = LaunchScreen.storyboard;
			sourceTree = "<group>";
		};
/* End PBXVariantGroup section */

/* Begin XCBuildConfiguration section */
		B07615911F8D55B000EECD35 /* Debug */ = {
			isa = XCBuildConfiguration;
			buildSettings = {
				ALWAYS_SEARCH_USER_PATHS = NO;
				CLANG_ANALYZER_NONNULL = YES;
				CLANG_ANALYZER_NUMBER_OBJECT_CONVERSION = YES_AGGRESSIVE;
				CLANG_CXX_LANGUAGE_STANDARD = "gnu++14";
				CLANG_CXX_LIBRARY = "libc++";
				CLANG_ENABLE_MODULES = YES;
				CLANG_ENABLE_OBJC_ARC = YES;
				CLANG_WARN_BLOCK_CAPTURE_AUTORELEASING = YES;
				CLANG_WARN_BOOL_CONVERSION = YES;
				CLANG_WARN_COMMA = YES;
				CLANG_WARN_CONSTANT_CONVERSION = YES;
				CLANG_WARN_DIRECT_OBJC_ISA_USAGE = YES_ERROR;
				CLANG_WARN_DOCUMENTATION_COMMENTS = YES;
				CLANG_WARN_EMPTY_BODY = YES;
				CLANG_WARN_ENUM_CONVERSION = YES;
				CLANG_WARN_INFINITE_RECURSION = YES;
				CLANG_WARN_INT_CONVERSION = YES;
				CLANG_WARN_NON_LITERAL_NULL_CONVERSION = YES;
				CLANG_WARN_OBJC_LITERAL_CONVERSION = YES;
				CLANG_WARN_OBJC_ROOT_CLASS = YES_ERROR;
				CLANG_WARN_RANGE_LOOP_ANALYSIS = YES;
				CLANG_WARN_STRICT_PROTOTYPES = YES;
				CLANG_WARN_SUSPICIOUS_MOVE = YES;
				CLANG_WARN_UNGUARDED_AVAILABILITY = YES_AGGRESSIVE;
				CLANG_WARN_UNREACHABLE_CODE = YES;
				CLANG_WARN__DUPLICATE_METHOD_MATCH = YES;
				CODE_SIGN_IDENTITY = "iPhone Developer";
				COPY_PHASE_STRIP = NO;
				DEBUG_INFORMATION_FORMAT = dwarf;
				ENABLE_STRICT_OBJC_MSGSEND = YES;
				ENABLE_TESTABILITY = YES;
				GCC_C_LANGUAGE_STANDARD = gnu11;
				GCC_DYNAMIC_NO_PIC = NO;
				GCC_NO_COMMON_BLOCKS = YES;
				GCC_OPTIMIZATION_LEVEL = 0;
				GCC_PREPROCESSOR_DEFINITIONS = (
					"DEBUG=1",
					"$(inherited)",
				);
				GCC_WARN_64_TO_32_BIT_CONVERSION = YES;
				GCC_WARN_ABOUT_RETURN_TYPE = YES_ERROR;
				GCC_WARN_UNDECLARED_SELECTOR = YES;
				GCC_WARN_UNINITIALIZED_AUTOS = YES_AGGRESSIVE;
				GCC_WARN_UNUSED_FUNCTION = YES;
				GCC_WARN_UNUSED_VARIABLE = YES;
				IPHONEOS_DEPLOYMENT_TARGET = 11.0;
				MTL_ENABLE_DEBUG_INFO = YES;
				ONLY_ACTIVE_ARCH = YES;
				SDKROOT = iphoneos;
				SWIFT_ACTIVE_COMPILATION_CONDITIONS = DEBUG;
				SWIFT_OPTIMIZATION_LEVEL = "-Onone";
			};
			name = Debug;
		};
		B07615921F8D55B000EECD35 /* Release */ = {
			isa = XCBuildConfiguration;
			buildSettings = {
				ALWAYS_SEARCH_USER_PATHS = NO;
				CLANG_ANALYZER_NONNULL = YES;
				CLANG_ANALYZER_NUMBER_OBJECT_CONVERSION = YES_AGGRESSIVE;
				CLANG_CXX_LANGUAGE_STANDARD = "gnu++14";
				CLANG_CXX_LIBRARY = "libc++";
				CLANG_ENABLE_MODULES = YES;
				CLANG_ENABLE_OBJC_ARC = YES;
				CLANG_WARN_BLOCK_CAPTURE_AUTORELEASING = YES;
				CLANG_WARN_BOOL_CONVERSION = YES;
				CLANG_WARN_COMMA = YES;
				CLANG_WARN_CONSTANT_CONVERSION = YES;
				CLANG_WARN_DIRECT_OBJC_ISA_USAGE = YES_ERROR;
				CLANG_WARN_DOCUMENTATION_COMMENTS = YES;
				CLANG_WARN_EMPTY_BODY = YES;
				CLANG_WARN_ENUM_CONVERSION = YES;
				CLANG_WARN_INFINITE_RECURSION = YES;
				CLANG_WARN_INT_CONVERSION = YES;
				CLANG_WARN_NON_LITERAL_NULL_CONVERSION = YES;
				CLANG_WARN_OBJC_LITERAL_CONVERSION = YES;
				CLANG_WARN_OBJC_ROOT_CLASS = YES_ERROR;
				CLANG_WARN_RANGE_LOOP_ANALYSIS = YES;
				CLANG_WARN_STRICT_PROTOTYPES = YES;
				CLANG_WARN_SUSPICIOUS_MOVE = YES;
				CLANG_WARN_UNGUARDED_AVAILABILITY = YES_AGGRESSIVE;
				CLANG_WARN_UNREACHABLE_CODE = YES;
				CLANG_WARN__DUPLICATE_METHOD_MATCH = YES;
				CODE_SIGN_IDENTITY = "iPhone Developer";
				COPY_PHASE_STRIP = NO;
				DEBUG_INFORMATION_FORMAT = "dwarf-with-dsym";
				ENABLE_NS_ASSERTIONS = NO;
				ENABLE_STRICT_OBJC_MSGSEND = YES;
				GCC_C_LANGUAGE_STANDARD = gnu11;
				GCC_NO_COMMON_BLOCKS = YES;
				GCC_WARN_64_TO_32_BIT_CONVERSION = YES;
				GCC_WARN_ABOUT_RETURN_TYPE = YES_ERROR;
				GCC_WARN_UNDECLARED_SELECTOR = YES;
				GCC_WARN_UNINITIALIZED_AUTOS = YES_AGGRESSIVE;
				GCC_WARN_UNUSED_FUNCTION = YES;
				GCC_WARN_UNUSED_VARIABLE = YES;
				IPHONEOS_DEPLOYMENT_TARGET = 11.0;
				MTL_ENABLE_DEBUG_INFO = NO;
				SDKROOT = iphoneos;
				SWIFT_OPTIMIZATION_LEVEL = "-Owholemodule";
				VALIDATE_PRODUCT = YES;
			};
			name = Release;
		};
		B07615941F8D55B000EECD35 /* Debug */ = {
			isa = XCBuildConfiguration;
			buildSettings = {
				ASSETCATALOG_COMPILER_APPICON_NAME = AppIcon;
				CODE_SIGN_STYLE = Automatic;
				DEVELOPMENT_TEAM = 8M4S86FE42;
				INFOPLIST_FILE = LiuChangCE04/Info.plist;
				LD_RUNPATH_SEARCH_PATHS = "$(inherited) @executable_path/Frameworks";
				PRODUCT_BUNDLE_IDENTIFIER = com.fullsail.LiuChangCE04;
				PRODUCT_NAME = "$(TARGET_NAME)";
				SWIFT_VERSION = 4.0;
				TARGETED_DEVICE_FAMILY = "1,2";
			};
			name = Debug;
		};
		B07615951F8D55B000EECD35 /* Release */ = {
			isa = XCBuildConfiguration;
			buildSettings = {
				ASSETCATALOG_COMPILER_APPICON_NAME = AppIcon;
				CODE_SIGN_STYLE = Automatic;
				DEVELOPMENT_TEAM = 8M4S86FE42;
				INFOPLIST_FILE = LiuChangCE04/Info.plist;
				LD_RUNPATH_SEARCH_PATHS = "$(inherited) @executable_path/Frameworks";
				PRODUCT_BUNDLE_IDENTIFIER = com.fullsail.LiuChangCE04;
				PRODUCT_NAME = "$(TARGET_NAME)";
				SWIFT_VERSION = 4.0;
				TARGETED_DEVICE_FAMILY = "1,2";
			};
			name = Release;
		};
/* End XCBuildConfiguration section */

/* Begin XCConfigurationList section */
		B076157C1F8D55B000EECD35 /* Build configuration list for PBXProject "LiuChangCE04" */ = {
			isa = XCConfigurationList;
			buildConfigurations = (
				B07615911F8D55B000EECD35 /* Debug */,
				B07615921F8D55B000EECD35 /* Release */,
			);
			defaultConfigurationIsVisible = 0;
			defaultConfigurationName = Release;
		};
		B07615931F8D55B000EECD35 /* Build configuration list for PBXNativeTarget "LiuChangCE04" */ = {
			isa = XCConfigurationList;
			buildConfigurations = (
				B07615941F8D55B000EECD35 /* Debug */,
				B07615951F8D55B000EECD35 /* Release */,
			);
			defaultConfigurationIsVisible = 0;
			defaultConfigurationName = Release;
		};
/* End XCConfigurationList section */
	};
	rootObject = B07615791F8D55B000EECD35 /* Project object */;
}
